<?xml version="1.0" encoding="UTF-8"?>
<CodeBlocks_project_file>
	<FileVersion major="1" minor="6"/>
	<Project>
		<Option title="udp-game-server"/>
		<Option makefile_is_custom="1"/>
		<Option compiler="gcc"/>
		<Option virtualFolders="CMake Files\;"/>
		<Build>
			<Target title="all">
				<Option working_dir="/Users/mihailevpatov/vim-prjs/game/udp-game-server"/>
				<Option type="4"/>
				<MakeCommands>
					<Build command="/usr/bin/make -f &quot;/Users/mihailevpatov/vim-prjs/game/udp-game-server/Makefile&quot;  VERBOSE=1 all"/>
					<CompileFile command="/usr/bin/make -f &quot;/Users/mihailevpatov/vim-prjs/game/udp-game-server/Makefile&quot;  VERBOSE=1 &quot;$file&quot;"/>
					<Clean command="/usr/bin/make -f &quot;/Users/mihailevpatov/vim-prjs/game/udp-game-server/Makefile&quot;  VERBOSE=1 clean"/>
					<DistClean command="/usr/bin/make -f &quot;/Users/mihailevpatov/vim-prjs/game/udp-game-server/Makefile&quot;  VERBOSE=1 clean"/>
				</MakeCommands>
			</Target>
			<Target title="rebuild_cache">
				<Option working_dir="/Users/mihailevpatov/vim-prjs/game/udp-game-server"/>
				<Option type="4"/>
				<MakeCommands>
					<Build command="/usr/bin/make -f &quot;/Users/mihailevpatov/vim-prjs/game/udp-game-server/Makefile&quot;  VERBOSE=1 rebuild_cache"/>
					<CompileFile command="/usr/bin/make -f &quot;/Users/mihailevpatov/vim-prjs/game/udp-game-server/Makefile&quot;  VERBOSE=1 &quot;$file&quot;"/>
					<Clean command="/usr/bin/make -f &quot;/Users/mihailevpatov/vim-prjs/game/udp-game-server/Makefile&quot;  VERBOSE=1 clean"/>
					<DistClean command="/usr/bin/make -f &quot;/Users/mihailevpatov/vim-prjs/game/udp-game-server/Makefile&quot;  VERBOSE=1 clean"/>
				</MakeCommands>
			</Target>
			<Target title="edit_cache">
				<Option working_dir="/Users/mihailevpatov/vim-prjs/game/udp-game-server"/>
				<Option type="4"/>
				<MakeCommands>
					<Build command="/usr/bin/make -f &quot;/Users/mihailevpatov/vim-prjs/game/udp-game-server/Makefile&quot;  VERBOSE=1 edit_cache"/>
					<CompileFile command="/usr/bin/make -f &quot;/Users/mihailevpatov/vim-prjs/game/udp-game-server/Makefile&quot;  VERBOSE=1 &quot;$file&quot;"/>
					<Clean command="/usr/bin/make -f &quot;/Users/mihailevpatov/vim-prjs/game/udp-game-server/Makefile&quot;  VERBOSE=1 clean"/>
					<DistClean command="/usr/bin/make -f &quot;/Users/mihailevpatov/vim-prjs/game/udp-game-server/Makefile&quot;  VERBOSE=1 clean"/>
				</MakeCommands>
			</Target>
			<Target title="udp-game-server">
				<Option output="/Users/mihailevpatov/vim-prjs/game/udp-game-server/udp-game-server" prefix_auto="0" extension_auto="0"/>
				<Option working_dir="/Users/mihailevpatov/vim-prjs/game/udp-game-server"/>
				<Option object_output="./"/>
				<Option type="1"/>
				<Option compiler="gcc"/>
				<Compiler>
					<Add directory="/usr/local/Cellar/boost/include"/>
				</Compiler>
				<MakeCommands>
					<Build command="/usr/bin/make -f &quot;/Users/mihailevpatov/vim-prjs/game/udp-game-server/Makefile&quot;  VERBOSE=1 udp-game-server"/>
					<CompileFile command="/usr/bin/make -f &quot;/Users/mihailevpatov/vim-prjs/game/udp-game-server/Makefile&quot;  VERBOSE=1 &quot;$file&quot;"/>
					<Clean command="/usr/bin/make -f &quot;/Users/mihailevpatov/vim-prjs/game/udp-game-server/Makefile&quot;  VERBOSE=1 clean"/>
					<DistClean command="/usr/bin/make -f &quot;/Users/mihailevpatov/vim-prjs/game/udp-game-server/Makefile&quot;  VERBOSE=1 clean"/>
				</MakeCommands>
			</Target>
			<Target title="udp-game-server/fast">
				<Option output="/Users/mihailevpatov/vim-prjs/game/udp-game-server/udp-game-server" prefix_auto="0" extension_auto="0"/>
				<Option working_dir="/Users/mihailevpatov/vim-prjs/game/udp-game-server"/>
				<Option object_output="./"/>
				<Option type="1"/>
				<Option compiler="gcc"/>
				<Compiler>
					<Add directory="/usr/local/Cellar/boost/include"/>
				</Compiler>
				<MakeCommands>
					<Build command="/usr/bin/make -f &quot;/Users/mihailevpatov/vim-prjs/game/udp-game-server/Makefile&quot;  VERBOSE=1 udp-game-server/fast"/>
					<CompileFile command="/usr/bin/make -f &quot;/Users/mihailevpatov/vim-prjs/game/udp-game-server/Makefile&quot;  VERBOSE=1 &quot;$file&quot;"/>
					<Clean command="/usr/bin/make -f &quot;/Users/mihailevpatov/vim-prjs/game/udp-game-server/Makefile&quot;  VERBOSE=1 clean"/>
					<DistClean command="/usr/bin/make -f &quot;/Users/mihailevpatov/vim-prjs/game/udp-game-server/Makefile&quot;  VERBOSE=1 clean"/>
				</MakeCommands>
			</Target>
		</Build>
		<Unit filename="/Users/mihailevpatov/vim-prjs/game/udp-game-server/connections/talk-to-client.cpp">
			<Option target="udp-game-server"/>
		</Unit>
		<Unit filename="/Users/mihailevpatov/vim-prjs/game/udp-game-server/CMakeLists.txt">
			<Option virtualFolder="CMake Files\"/>
		</Unit>
	</Project>
</CodeBlocks_project_file>
